
Microsoft Visual Studio Solution File, Format Version 12.00
# Visual Studio Version 17
VisualStudioVersion = 17.3.32922.545
MinimumVisualStudioVersion = 10.0.40219.1
Project("{FAE04EC0-301F-11D3-BF4B-00C04F79EFBC}") = "problème scientifique", "problème scientifique\problème scientifique.csproj", "{1F460967-EDA5-43A4-8498-92D98F962FD6}"
EndProject
Global
	GlobalSection(SolutionConfigurationPlatforms) = preSolution
		Debug|Any CPU = Debug|Any CPU
		Release|Any CPU = Release|Any CPU
	EndGlobalSection
	GlobalSection(ProjectConfigurationPlatforms) = postSolution
		{1F460967-EDA5-43A4-8498-92D98F962FD6}.Debug|Any CPU.ActiveCfg = Debug|Any CPU
		{1F460967-EDA5-43A4-8498-92D98F962FD6}.Debug|Any CPU.Build.0 = Debug|Any CPU
		{1F460967-EDA5-43A4-8498-92D98F962FD6}.Release|Any CPU.ActiveCfg = Release|Any CPU
		{1F460967-EDA5-43A4-8498-92D98F962FD6}.Release|Any CPU.Build.0 = Release|Any CPU
	EndGlobalSection
	GlobalSection(SolutionProperties) = preSolution
		HideSolutionNode = FALSE
	EndGlobalSection
	GlobalSection(ExtensibilityGlobals) = postSolution
		SolutionGuid = {2BEB6966-CB06-4702-B68B-1580BF9C6F1F}
	EndGlobalSection
EndGlobal
